
Microsoft Visual Studio Solution File, Format Version 12.00
# Visual Studio Version 16
VisualStudioVersion = 16.0.29230.47
MinimumVisualStudioVersion = 10.0.40219.1
Project("{FAE04EC0-301F-11D3-BF4B-00C04F79EFBC}") = "Adicion", "Adicion\Adicion.csproj", "{F25FB1C7-2DEA-4248-BE24-B3C9491AB833}"
EndProject
Project("{FAE04EC0-301F-11D3-BF4B-00C04F79EFBC}") = "Infomatica", "Infomatica\Infomatica.csproj", "{95912E2A-EBC8-4EB1-8DBC-5FF9A5FCA9F0}"
EndProject
Global
	GlobalSection(SolutionConfigurationPlatforms) = preSolution
		Debug|Any CPU = Debug|Any CPU
		Debug|iPhone = Debug|iPhone
		Debug|iPhoneSimulator = Debug|iPhoneSimulator
		Release|Any CPU = Release|Any CPU
		Release|iPhone = Release|iPhone
		Release|iPhoneSimulator = Release|iPhoneSimulator
	EndGlobalSection
	GlobalSection(ProjectConfigurationPlatforms) = postSolution
		{F25FB1C7-2DEA-4248-BE24-B3C9491AB833}.Debug|Any CPU.ActiveCfg = Debug|Any CPU
		{F25FB1C7-2DEA-4248-BE24-B3C9491AB833}.Debug|Any CPU.Build.0 = Debug|Any CPU
		{F25FB1C7-2DEA-4248-BE24-B3C9491AB833}.Debug|iPhone.ActiveCfg = Debug|Any CPU
		{F25FB1C7-2DEA-4248-BE24-B3C9491AB833}.Debug|iPhone.Build.0 = Debug|Any CPU
		{F25FB1C7-2DEA-4248-BE24-B3C9491AB833}.Debug|iPhoneSimulator.ActiveCfg = Debug|Any CPU
		{F25FB1C7-2DEA-4248-BE24-B3C9491AB833}.Debug|iPhoneSimulator.Build.0 = Debug|Any CPU
		{F25FB1C7-2DEA-4248-BE24-B3C9491AB833}.Release|Any CPU.ActiveCfg = Release|Any CPU
		{F25FB1C7-2DEA-4248-BE24-B3C9491AB833}.Release|Any CPU.Build.0 = Release|Any CPU
		{F25FB1C7-2DEA-4248-BE24-B3C9491AB833}.Release|iPhone.ActiveCfg = Release|Any CPU
		{F25FB1C7-2DEA-4248-BE24-B3C9491AB833}.Release|iPhone.Build.0 = Release|Any CPU
		{F25FB1C7-2DEA-4248-BE24-B3C9491AB833}.Release|iPhoneSimulator.ActiveCfg = Release|Any CPU
		{F25FB1C7-2DEA-4248-BE24-B3C9491AB833}.Release|iPhoneSimulator.Build.0 = Release|Any CPU
		{95912E2A-EBC8-4EB1-8DBC-5FF9A5FCA9F0}.Debug|Any CPU.ActiveCfg = Debug|Any CPU
		{95912E2A-EBC8-4EB1-8DBC-5FF9A5FCA9F0}.Debug|Any CPU.Build.0 = Debug|Any CPU
		{95912E2A-EBC8-4EB1-8DBC-5FF9A5FCA9F0}.Debug|iPhone.ActiveCfg = Debug|Any CPU
		{95912E2A-EBC8-4EB1-8DBC-5FF9A5FCA9F0}.Debug|iPhone.Build.0 = Debug|Any CPU
		{95912E2A-EBC8-4EB1-8DBC-5FF9A5FCA9F0}.Debug|iPhoneSimulator.ActiveCfg = Debug|Any CPU
		{95912E2A-EBC8-4EB1-8DBC-5FF9A5FCA9F0}.Debug|iPhoneSimulator.Build.0 = Debug|Any CPU
		{95912E2A-EBC8-4EB1-8DBC-5FF9A5FCA9F0}.Release|Any CPU.ActiveCfg = Release|Any CPU
		{95912E2A-EBC8-4EB1-8DBC-5FF9A5FCA9F0}.Release|Any CPU.Build.0 = Release|Any CPU
		{95912E2A-EBC8-4EB1-8DBC-5FF9A5FCA9F0}.Release|iPhone.ActiveCfg = Release|Any CPU
		{95912E2A-EBC8-4EB1-8DBC-5FF9A5FCA9F0}.Release|iPhone.Build.0 = Release|Any CPU
		{95912E2A-EBC8-4EB1-8DBC-5FF9A5FCA9F0}.Release|iPhoneSimulator.ActiveCfg = Release|Any CPU
		{95912E2A-EBC8-4EB1-8DBC-5FF9A5FCA9F0}.Release|iPhoneSimulator.Build.0 = Release|Any CPU
	EndGlobalSection
	GlobalSection(SolutionProperties) = preSolution
		HideSolutionNode = FALSE
	EndGlobalSection
	GlobalSection(ExtensibilityGlobals) = postSolution
		SolutionGuid = {B39A58DB-4380-442F-A1EE-CBA400C7472F}
	EndGlobalSection
EndGlobal
